<?xml version="1.0" encoding="utf-8"?>
<Project ToolsVersion="4.0" xmlns="http://schemas.microsoft.com/developer/msbuild/2003">
  <ItemGroup>
    <Filter Include="Source">
      <UniqueIdentifier>{eb6a2e2e-b944-4d3d-b173-7ee71ac7f914}</UniqueIdentifier>
    </Filter>
    <Filter Include="Headers">
      <UniqueIdentifier>{890bfbfd-7069-4b1e-a38d-a1e024b6845f}</UniqueIdentifier>
    </Filter>
  </ItemGroup>
  <ItemGroup>
    <ClCompile Include="..\..\src\TorsionRoutines.cpp">
      <Filter>Source</Filter>
    </ClCompile>
    <ClCompile Include="..\..\src\Traj_AmberCoord.cpp">
      <Filter>Source</Filter>
    </ClCompile>
    <ClCompile Include="..\..\src\Traj_AmberNetcdf.cpp">
      <Filter>Source</Filter>
    </ClCompile>
    <ClCompile Include="..\..\src\Traj_AmberRestart.cpp">
      <Filter>Source</Filter>
    </ClCompile>
    <ClCompile Include="..\..\src\Traj_AmberRestartNC.cpp">
      <Filter>Source</Filter>
    </ClCompile>
    <ClCompile Include="..\..\src\Traj_Conflib.cpp">
      <Filter>Source</Filter>
    </ClCompile>
    <ClCompile Include="..\..\src\Traj_Mol2File.cpp">
      <Filter>Source</Filter>
    </ClCompile>
    <ClCompile Include="..\..\src\Traj_PDBfile.cpp">
      <Filter>Source</Filter>
    </ClCompile>
    <ClCompile Include="..\..\src\TrajectoryFile.cpp">
      <Filter>Source</Filter>
    </ClCompile>
    <ClCompile Include="..\..\src\TrajectoryIO.cpp">
      <Filter>Source</Filter>
    </ClCompile>
    <ClCompile Include="..\..\src\TrajinList.cpp">
      <Filter>Source</Filter>
    </ClCompile>
    <ClCompile Include="..\..\src\TrajoutList.cpp">
      <Filter>Source</Filter>
    </ClCompile>
    <ClCompile Include="..\..\src\vectormath.cpp">
      <Filter>Source</Filter>
    </ClCompile>
    <ClCompile Include="..\..\src\Action.cpp">
      <Filter>Source</Filter>
    </ClCompile>
    <ClCompile Include="..\..\src\Action_Angle.cpp">
      <Filter>Source</Filter>
    </ClCompile>
    <ClCompile Include="..\..\src\Action_AtomMap.cpp">
      <Filter>Source</Filter>
    </ClCompile>
    <ClCompile Include="..\..\src\Action_Average.cpp">
      <Filter>Source</Filter>
    </ClCompile>
    <ClCompile Include="..\..\src\Action_Center.cpp">
      <Filter>Source</Filter>
    </ClCompile>
    <ClCompile Include="..\..\src\Action_Closest.cpp">
      <Filter>Source</Filter>
    </ClCompile>
    <ClCompile Include="..\..\src\Action_Dihedral.cpp">
      <Filter>Source</Filter>
    </ClCompile>
    <ClCompile Include="..\..\src\Action_Distance.cpp">
      <Filter>Source</Filter>
    </ClCompile>
    <ClCompile Include="..\..\src\Action_DistRmsd.cpp">
      <Filter>Source</Filter>
    </ClCompile>
    <ClCompile Include="..\..\src\Action_DSSP.cpp">
      <Filter>Source</Filter>
    </ClCompile>
    <ClCompile Include="..\..\src\Action_Hbond.cpp">
      <Filter>Source</Filter>
    </ClCompile>
    <ClCompile Include="..\..\src\Action_Image.cpp">
      <Filter>Source</Filter>
    </ClCompile>
    <ClCompile Include="..\..\src\Action_Jcoupling.cpp">
      <Filter>Source</Filter>
    </ClCompile>
    <ClCompile Include="..\..\src\Action_Mask.cpp">
      <Filter>Source</Filter>
    </ClCompile>
    <ClCompile Include="..\..\src\Action_NAstruct.cpp">
      <Filter>Source</Filter>
    </ClCompile>
    <ClCompile Include="..\..\src\Action_Outtraj.cpp">
      <Filter>Source</Filter>
    </ClCompile>
    <ClCompile Include="..\..\src\Action_Pucker.cpp">
      <Filter>Source</Filter>
    </ClCompile>
    <ClCompile Include="..\..\src\Action_Radgyr.cpp">
      <Filter>Source</Filter>
    </ClCompile>
    <ClCompile Include="..\..\src\Action_Radial.cpp">
      <Filter>Source</Filter>
    </ClCompile>
    <ClCompile Include="..\..\src\Action_Rms2d.cpp">
      <Filter>Source</Filter>
    </ClCompile>
    <ClCompile Include="..\..\src\Action_Rmsd.cpp">
      <Filter>Source</Filter>
    </ClCompile>
    <ClCompile Include="..\..\src\Action_Strip.cpp">
      <Filter>Source</Filter>
    </ClCompile>
    <ClCompile Include="..\..\src\Action_Surf.cpp">
      <Filter>Source</Filter>
    </ClCompile>
    <ClCompile Include="..\..\src\AmberParm.cpp">
      <Filter>Source</Filter>
    </ClCompile>
    <ClCompile Include="..\..\src\Analysis.cpp">
      <Filter>Source</Filter>
    </ClCompile>
    <ClCompile Include="..\..\src\Analysis_Hist.cpp">
      <Filter>Source</Filter>
    </ClCompile>
    <ClCompile Include="..\..\src\AnalysisList.cpp">
      <Filter>Source</Filter>
    </ClCompile>
    <ClCompile Include="..\..\src\ArgList.cpp">
      <Filter>Source</Filter>
    </ClCompile>
    <ClCompile Include="..\..\src\AtomMask.cpp">
      <Filter>Source</Filter>
    </ClCompile>
    <ClCompile Include="..\..\src\AxisType.cpp">
      <Filter>Source</Filter>
    </ClCompile>
    <ClCompile Include="..\..\src\BaseFileIO.cpp">
      <Filter>Source</Filter>
    </ClCompile>
    <ClCompile Include="..\..\src\BoxType.cpp">
      <Filter>Source</Filter>
    </ClCompile>
    <ClCompile Include="..\..\src\Bzip2File.cpp">
      <Filter>Source</Filter>
    </ClCompile>
    <ClCompile Include="..\..\src\CharBuffer.cpp">
      <Filter>Source</Filter>
    </ClCompile>
    <ClCompile Include="..\..\src\CoordFileList.cpp">
      <Filter>Source</Filter>
    </ClCompile>
    <ClCompile Include="..\..\src\CpptrajStdio.cpp">
      <Filter>Source</Filter>
    </ClCompile>
    <ClCompile Include="..\..\src\DataFile.cpp">
      <Filter>Source</Filter>
    </ClCompile>
    <ClCompile Include="..\..\src\DataFileList.cpp">
      <Filter>Source</Filter>
    </ClCompile>
    <ClCompile Include="..\..\src\DataSet.cpp">
      <Filter>Source</Filter>
    </ClCompile>
    <ClCompile Include="..\..\src\DataSetList.cpp">
      <Filter>Source</Filter>
    </ClCompile>
    <ClCompile Include="..\..\src\DistRoutines.cpp">
      <Filter>Source</Filter>
    </ClCompile>
    <ClCompile Include="..\..\src\doubleDataSet.cpp">
      <Filter>Source</Filter>
    </ClCompile>
    <ClCompile Include="..\..\src\FortranFormat.cpp">
      <Filter>Source</Filter>
    </ClCompile>
    <ClCompile Include="..\..\src\Frame.cpp">
      <Filter>Source</Filter>
    </ClCompile>
    <ClCompile Include="..\..\src\FrameList.cpp">
      <Filter>Source</Filter>
    </ClCompile>
    <ClCompile Include="..\..\src\GzipFile.cpp">
      <Filter>Source</Filter>
    </ClCompile>
    <ClCompile Include="..\..\src\Histogram.cpp">
      <Filter>Source</Filter>
    </ClCompile>
    <ClCompile Include="..\..\src\intDataSet.cpp">
      <Filter>Source</Filter>
    </ClCompile>
    <ClCompile Include="..\..\src\main.cpp">
      <Filter>Source</Filter>
    </ClCompile>
    <ClCompile Include="..\..\src\mapDataSet.cpp">
      <Filter>Source</Filter>
    </ClCompile>
    <ClCompile Include="..\..\src\Mol2FileRoutines.cpp">
      <Filter>Source</Filter>
    </ClCompile>
    <ClCompile Include="..\..\src\MpiFile.cpp">
      <Filter>Source</Filter>
    </ClCompile>
    <ClCompile Include="..\..\src\NetcdfRoutines.cpp">
      <Filter>Source</Filter>
    </ClCompile>
    <ClCompile Include="..\..\src\ParmFileList.cpp">
      <Filter>Source</Filter>
    </ClCompile>
    <ClCompile Include="..\..\src\PDBfileRoutines.cpp">
      <Filter>Source</Filter>
    </ClCompile>
    <ClCompile Include="..\..\src\ProgressBar.cpp">
      <Filter>Source</Filter>
    </ClCompile>
    <ClCompile Include="..\..\src\PtrajActionList.cpp">
      <Filter>Source</Filter>
    </ClCompile>
    <ClCompile Include="..\..\src\PtrajFile.cpp">
      <Filter>Source</Filter>
    </ClCompile>
    <ClCompile Include="..\..\src\PtrajState.cpp">
      <Filter>Source</Filter>
    </ClCompile>
    <ClCompile Include="..\..\src\Range.cpp">
      <Filter>Source</Filter>
    </ClCompile>
    <ClCompile Include="..\..\src\ReferenceList.cpp">
      <Filter>Source</Filter>
    </ClCompile>
    <ClCompile Include="..\..\src\RemdTraj.cpp">
      <Filter>Source</Filter>
    </ClCompile>
    <ClCompile Include="..\..\src\StdFile.cpp">
      <Filter>Source</Filter>
    </ClCompile>
    <ClCompile Include="..\..\src\stringDataSet.cpp">
      <Filter>Source</Filter>
    </ClCompile>
    <ClCompile Include="..\..\src\PtrajMpi.c">
      <Filter>Source</Filter>
    </ClCompile>
    <ClCompile Include="..\..\src\ptrajmask.c">
      <Filter>Source</Filter>
    </ClCompile>
  </ItemGroup>
  <ItemGroup>
    <ClInclude Include="..\..\src\Action.h">
      <Filter>Headers</Filter>
    </ClInclude>
    <ClInclude Include="..\..\src\Action_Angle.h">
      <Filter>Headers</Filter>
    </ClInclude>
    <ClInclude Include="..\..\src\Action_AtomMap.h">
      <Filter>Headers</Filter>
    </ClInclude>
    <ClInclude Include="..\..\src\Action_Average.h">
      <Filter>Headers</Filter>
    </ClInclude>
    <ClInclude Include="..\..\src\Action_Center.h">
      <Filter>Headers</Filter>
    </ClInclude>
    <ClInclude Include="..\..\src\Action_Closest.h">
      <Filter>Headers</Filter>
    </ClInclude>
    <ClInclude Include="..\..\src\Action_Dihedral.h">
      <Filter>Headers</Filter>
    </ClInclude>
    <ClInclude Include="..\..\src\Action_Distance.h">
      <Filter>Headers</Filter>
    </ClInclude>
    <ClInclude Include="..\..\src\Action_DistRmsd.h">
      <Filter>Headers</Filter>
    </ClInclude>
    <ClInclude Include="..\..\src\Action_DSSP.h">
      <Filter>Headers</Filter>
    </ClInclude>
    <ClInclude Include="..\..\src\Action_Hbond.h">
      <Filter>Headers</Filter>
    </ClInclude>
    <ClInclude Include="..\..\src\Action_Image.h">
      <Filter>Headers</Filter>
    </ClInclude>
    <ClInclude Include="..\..\src\Action_Jcoupling.h">
      <Filter>Headers</Filter>
    </ClInclude>
    <ClInclude Include="..\..\src\Action_Mask.h">
      <Filter>Headers</Filter>
    </ClInclude>
    <ClInclude Include="..\..\src\Action_NAstruct.h">
      <Filter>Headers</Filter>
    </ClInclude>
    <ClInclude Include="..\..\src\Action_Outtraj.h">
      <Filter>Headers</Filter>
    </ClInclude>
    <ClInclude Include="..\..\src\Action_Pucker.h">
      <Filter>Headers</Filter>
    </ClInclude>
    <ClInclude Include="..\..\src\Action_Radgyr.h">
      <Filter>Headers</Filter>
    </ClInclude>
    <ClInclude Include="..\..\src\Action_Radial.h">
      <Filter>Headers</Filter>
    </ClInclude>
    <ClInclude Include="..\..\src\Action_Rms2d.h">
      <Filter>Headers</Filter>
    </ClInclude>
    <ClInclude Include="..\..\src\Action_Rmsd.h">
      <Filter>Headers</Filter>
    </ClInclude>
    <ClInclude Include="..\..\src\Action_Strip.h">
      <Filter>Headers</Filter>
    </ClInclude>
    <ClInclude Include="..\..\src\Action_Surf.h">
      <Filter>Headers</Filter>
    </ClInclude>
    <ClInclude Include="..\..\src\AmberParm.h">
      <Filter>Headers</Filter>
    </ClInclude>
    <ClInclude Include="..\..\src\Analysis.h">
      <Filter>Headers</Filter>
    </ClInclude>
    <ClInclude Include="..\..\src\Analysis_Hist.h">
      <Filter>Headers</Filter>
    </ClInclude>
    <ClInclude Include="..\..\src\AnalysisList.h">
      <Filter>Headers</Filter>
    </ClInclude>
    <ClInclude Include="..\..\src\ArgList.h">
      <Filter>Headers</Filter>
    </ClInclude>
    <ClInclude Include="..\..\src\AtomMask.h">
      <Filter>Headers</Filter>
    </ClInclude>
    <ClInclude Include="..\..\src\AxisType.h">
      <Filter>Headers</Filter>
    </ClInclude>
    <ClInclude Include="..\..\src\BaseFileIO.h">
      <Filter>Headers</Filter>
    </ClInclude>
    <ClInclude Include="..\..\src\BoxType.h">
      <Filter>Headers</Filter>
    </ClInclude>
    <ClInclude Include="..\..\src\Bzip2File.h">
      <Filter>Headers</Filter>
    </ClInclude>
    <ClInclude Include="..\..\src\CharBuffer.h">
      <Filter>Headers</Filter>
    </ClInclude>
    <ClInclude Include="..\..\src\Constants.h">
      <Filter>Headers</Filter>
    </ClInclude>
    <ClInclude Include="..\..\src\CoordFileList.h">
      <Filter>Headers</Filter>
    </ClInclude>
    <ClInclude Include="..\..\src\CpptrajStdio.h">
      <Filter>Headers</Filter>
    </ClInclude>
    <ClInclude Include="..\..\src\DataFile.h">
      <Filter>Headers</Filter>
    </ClInclude>
    <ClInclude Include="..\..\src\DataFileList.h">
      <Filter>Headers</Filter>
    </ClInclude>
    <ClInclude Include="..\..\src\DataSet.h">
      <Filter>Headers</Filter>
    </ClInclude>
    <ClInclude Include="..\..\src\DataSetList.h">
      <Filter>Headers</Filter>
    </ClInclude>
    <ClInclude Include="..\..\src\DistRoutines.h">
      <Filter>Headers</Filter>
    </ClInclude>
    <ClInclude Include="..\..\src\doubleDataSet.h">
      <Filter>Headers</Filter>
    </ClInclude>
    <ClInclude Include="..\..\src\FortranFormat.h">
      <Filter>Headers</Filter>
    </ClInclude>
    <ClInclude Include="..\..\src\Frame.h">
      <Filter>Headers</Filter>
    </ClInclude>
    <ClInclude Include="..\..\src\FrameList.h">
      <Filter>Headers</Filter>
    </ClInclude>
    <ClInclude Include="..\..\src\GzipFile.h">
      <Filter>Headers</Filter>
    </ClInclude>
    <ClInclude Include="..\..\src\Histogram.h">
      <Filter>Headers</Filter>
    </ClInclude>
    <ClInclude Include="..\..\src\intDataSet.h">
      <Filter>Headers</Filter>
    </ClInclude>
    <ClInclude Include="..\..\src\mapDataSet.h">
      <Filter>Headers</Filter>
    </ClInclude>
    <ClInclude Include="..\..\src\Mol2FileRoutines.h">
      <Filter>Headers</Filter>
    </ClInclude>
    <ClInclude Include="..\..\src\MpiFile.h">
      <Filter>Headers</Filter>
    </ClInclude>
    <ClInclude Include="..\..\src\Name.h">
      <Filter>Headers</Filter>
    </ClInclude>
    <ClInclude Include="..\..\src\NetcdfRoutines.h">
      <Filter>Headers</Filter>
    </ClInclude>
    <ClInclude Include="..\..\src\ParmFileList.h">
      <Filter>Headers</Filter>
    </ClInclude>
    <ClInclude Include="..\..\src\PDBfileRoutines.h">
      <Filter>Headers</Filter>
    </ClInclude>
    <ClInclude Include="..\..\src\ProgressBar.h">
      <Filter>Headers</Filter>
    </ClInclude>
    <ClInclude Include="..\..\src\PtrajActionList.h">
      <Filter>Headers</Filter>
    </ClInclude>
    <ClInclude Include="..\..\src\PtrajFile.h">
      <Filter>Headers</Filter>
    </ClInclude>
    <ClInclude Include="..\..\src\ptrajmask.h">
      <Filter>Headers</Filter>
    </ClInclude>
    <ClInclude Include="..\..\src\PtrajMpi.h">
      <Filter>Headers</Filter>
    </ClInclude>
    <ClInclude Include="..\..\src\PtrajState.h">
      <Filter>Headers</Filter>
    </ClInclude>
    <ClInclude Include="..\..\src\Range.h">
      <Filter>Headers</Filter>
    </ClInclude>
    <ClInclude Include="..\..\src\ReferenceList.h">
      <Filter>Headers</Filter>
    </ClInclude>
    <ClInclude Include="..\..\src\RemdTraj.h">
      <Filter>Headers</Filter>
    </ClInclude>
    <ClInclude Include="..\..\src\StdFile.h">
      <Filter>Headers</Filter>
    </ClInclude>
    <ClInclude Include="..\..\src\stringDataSet.h">
      <Filter>Headers</Filter>
    </ClInclude>
    <ClInclude Include="..\..\src\TorsionRoutines.h">
      <Filter>Headers</Filter>
    </ClInclude>
    <ClInclude Include="..\..\src\Traj_AmberCoord.h">
      <Filter>Headers</Filter>
    </ClInclude>
    <ClInclude Include="..\..\src\Traj_AmberNetcdf.h">
      <Filter>Headers</Filter>
    </ClInclude>
    <ClInclude Include="..\..\src\Traj_AmberRestart.h">
      <Filter>Headers</Filter>
    </ClInclude>
    <ClInclude Include="..\..\src\Traj_AmberRestartNC.h">
      <Filter>Headers</Filter>
    </ClInclude>
    <ClInclude Include="..\..\src\Traj_Conflib.h">
      <Filter>Headers</Filter>
    </ClInclude>
    <ClInclude Include="..\..\src\Traj_Mol2File.h">
      <Filter>Headers</Filter>
    </ClInclude>
    <ClInclude Include="..\..\src\Traj_PDBfile.h">
      <Filter>Headers</Filter>
    </ClInclude>
    <ClInclude Include="..\..\src\TrajectoryFile.h">
      <Filter>Headers</Filter>
    </ClInclude>
    <ClInclude Include="..\..\src\TrajectoryIO.h">
      <Filter>Headers</Filter>
    </ClInclude>
    <ClInclude Include="..\..\src\TrajinList.h">
      <Filter>Headers</Filter>
    </ClInclude>
    <ClInclude Include="..\..\src\TrajoutList.h">
      <Filter>Headers</Filter>
    </ClInclude>
    <ClInclude Include="..\..\src\vectormath.h">
      <Filter>Headers</Filter>
    </ClInclude>
  </ItemGroup>
</Project>